packages:
  - name: dbt_utils
    package: dbt-labs/dbt_utils
    version: 1.4.1
  - name: dbt_expectations
    package: calogica/dbt_expectations
    version: 0.10.4
  - name: dbt_date
    package: calogica/dbt_date
    version: 0.10.1
  - name: codegen
    package: dbt-labs/codegen
    version: 0.14.1
sha1_hash: fb780f99c49798e284d4d3b5dd3a3a3545024290
